// !$*UTF8*$!
{
	archiveVersion = 1;
	classes = {
	};
	objectVersion = 77;
	objects = {

/* Begin PBXBuildFile section */
		09D67290910FE4DD735F9FC9 /* CalendarExporter.swift in Sources */ = {isa = PBXBuildFile; fileRef = 2E9BE9F7FE35BA0772586D4D /* CalendarExporter.swift */; };
		139E3414261A6285CDAE58EC /* CourseDetailView.swift in Sources */ = {isa = PBXBuildFile; fileRef = 43BE5FE81AE1A258947D8CDC /* CourseDetailView.swift */; };
		2650B04CD71E4308DF5470EA /* AddCourseView.swift in Sources */ = {isa = PBXBuildFile; fileRef = 13A2AE1AB1E16B27C67E1CA8 /* AddCourseView.swift */; };
		4A1BFF7F32885C95D19E43A9 /* SectionTimeSettingView.swift in Sources */ = {isa = PBXBuildFile; fileRef = C40331EF31ADFCFA3AEA3E62 /* SectionTimeSettingView.swift */; };
		5C34D77381EA158907A95BC4 /* CourseColor.swift in Sources */ = {isa = PBXBuildFile; fileRef = 78F882D951390A4EFC389A4E /* CourseColor.swift */; };
		63D4DD8F64C08D2AAA66C4F9 /* ScheduleParser.swift in Sources */ = {isa = PBXBuildFile; fileRef = 09D0B71133BFA8FBE1A49187 /* ScheduleParser.swift */; };
		6EFF6F43FF92B47250B1A192 /* TrustAllCerts.swift in Sources */ = {isa = PBXBuildFile; fileRef = 34BFD7A3AD9C3D1BF9C2A5FC /* TrustAllCerts.swift */; };
		87186D0990E8F79A66851F58 /* ImportView.swift in Sources */ = {isa = PBXBuildFile; fileRef = 01B9A9408AACDBF943E4CD09 /* ImportView.swift */; };
		AABC4167542AFBDF0BF1799E /* ProfileView.swift in Sources */ = {isa = PBXBuildFile; fileRef = 8D71CD6DCEA10A9CB3B1AD18 /* ProfileView.swift */; };
		AF935D9AD2FC67066114E9CC /* MainTabView.swift in Sources */ = {isa = PBXBuildFile; fileRef = 3FE92D12C8BB48811AE4AF34 /* MainTabView.swift */; };
		C1D2D915A86D1F9C7705C1DB /* MyScheduleApp.swift in Sources */ = {isa = PBXBuildFile; fileRef = 06FD9ABF642466922E724BCA /* MyScheduleApp.swift */; };
		C8E94D1631CF2732AAA021DE /* Models.swift in Sources */ = {isa = PBXBuildFile; fileRef = AD7AF60396DD615DF636415D /* Models.swift */; };
		CD310C6DA80CDDDDE94F1C8C /* CourseBlockView.swift in Sources */ = {isa = PBXBuildFile; fileRef = BB62694685BB13EC933FEE95 /* CourseBlockView.swift */; };
		DF08B19D39093E1EFE076E52 /* ScheduleView.swift in Sources */ = {isa = PBXBuildFile; fileRef = 33879AD99D2341E40B13612B /* ScheduleView.swift */; };
/* End PBXBuildFile section */

/* Begin PBXFileReference section */
		01B9A9408AACDBF943E4CD09 /* ImportView.swift */ = {isa = PBXFileReference; lastKnownFileType = sourcecode.swift; path = ImportView.swift; sourceTree = "<group>"; };
		06FD9ABF642466922E724BCA /* MyScheduleApp.swift */ = {isa = PBXFileReference; lastKnownFileType = sourcecode.swift; path = MyScheduleApp.swift; sourceTree = "<group>"; };
		09D0B71133BFA8FBE1A49187 /* ScheduleParser.swift */ = {isa = PBXFileReference; lastKnownFileType = sourcecode.swift; path = ScheduleParser.swift; sourceTree = "<group>"; };
		13A2AE1AB1E16B27C67E1CA8 /* AddCourseView.swift */ = {isa = PBXFileReference; lastKnownFileType = sourcecode.swift; path = AddCourseView.swift; sourceTree = "<group>"; };
		28D667B2883BECEFCB030AE5 /* MySchedule.app */ = {isa = PBXFileReference; includeInIndex = 0; lastKnownFileType = wrapper.application; path = MySchedule.app; sourceTree = BUILT_PRODUCTS_DIR; };
		2E9BE9F7FE35BA0772586D4D /* CalendarExporter.swift */ = {isa = PBXFileReference; lastKnownFileType = sourcecode.swift; path = CalendarExporter.swift; sourceTree = "<group>"; };
		33879AD99D2341E40B13612B /* ScheduleView.swift */ = {isa = PBXFileReference; lastKnownFileType = sourcecode.swift; path = ScheduleView.swift; sourceTree = "<group>"; };
		34BFD7A3AD9C3D1BF9C2A5FC /* TrustAllCerts.swift */ = {isa = PBXFileReference; lastKnownFileType = sourcecode.swift; path = TrustAllCerts.swift; sourceTree = "<group>"; };
		3FE92D12C8BB48811AE4AF34 /* MainTabView.swift */ = {isa = PBXFileReference; lastKnownFileType = sourcecode.swift; path = MainTabView.swift; sourceTree = "<group>"; };
		43BE5FE81AE1A258947D8CDC /* CourseDetailView.swift */ = {isa = PBXFileReference; lastKnownFileType = sourcecode.swift; path = CourseDetailView.swift; sourceTree = "<group>"; };
		78F882D951390A4EFC389A4E /* CourseColor.swift */ = {isa = PBXFileReference; lastKnownFileType = sourcecode.swift; path = CourseColor.swift; sourceTree = "<group>"; };
		8D71CD6DCEA10A9CB3B1AD18 /* ProfileView.swift */ = {isa = PBXFileReference; lastKnownFileType = sourcecode.swift; path = ProfileView.swift; sourceTree = "<group>"; };
		AD7AF60396DD615DF636415D /* Models.swift */ = {isa = PBXFileReference; lastKnownFileType = sourcecode.swift; path = Models.swift; sourceTree = "<group>"; };
		BB62694685BB13EC933FEE95 /* CourseBlockView.swift */ = {isa = PBXFileReference; lastKnownFileType = sourcecode.swift; path = CourseBlockView.swift; sourceTree = "<group>"; };
		C40331EF31ADFCFA3AEA3E62 /* SectionTimeSettingView.swift */ = {isa = PBXFileReference; lastKnownFileType = sourcecode.swift; path = SectionTimeSettingView.swift; sourceTree = "<group>"; };
/* End PBXFileReference section */

/* Begin PBXGroup section */
		44B353D575F4937DDC62462B /* Sources */ = {
			isa = PBXGroup;
			children = (
				D1409149F0868E489DC647FD /* App */,
				C3D49BB6DB5404C3F671C746 /* Models */,
				46BC54B583A1EBBB333337FA /* Services */,
				9C2C66993ED3C397F476311D /* Views */,
			);
			path = Sources;
			sourceTree = "<group>";
		};
		46BC54B583A1EBBB333337FA /* Services */ = {
			isa = PBXGroup;
			children = (
				2E9BE9F7FE35BA0772586D4D /* CalendarExporter.swift */,
				09D0B71133BFA8FBE1A49187 /* ScheduleParser.swift */,
				34BFD7A3AD9C3D1BF9C2A5FC /* TrustAllCerts.swift */,
			);
			path = Services;
			sourceTree = "<group>";
		};
		7FCE536AC67BC9414A6C3B0C /* Components */ = {
			isa = PBXGroup;
			children = (
				BB62694685BB13EC933FEE95 /* CourseBlockView.swift */,
			);
			path = Components;
			sourceTree = "<group>";
		};
		9C2C66993ED3C397F476311D /* Views */ = {
			isa = PBXGroup;
			children = (
				13A2AE1AB1E16B27C67E1CA8 /* AddCourseView.swift */,
				43BE5FE81AE1A258947D8CDC /* CourseDetailView.swift */,
				01B9A9408AACDBF943E4CD09 /* ImportView.swift */,
				3FE92D12C8BB48811AE4AF34 /* MainTabView.swift */,
				8D71CD6DCEA10A9CB3B1AD18 /* ProfileView.swift */,
				33879AD99D2341E40B13612B /* ScheduleView.swift */,
				C40331EF31ADFCFA3AEA3E62 /* SectionTimeSettingView.swift */,
				7FCE536AC67BC9414A6C3B0C /* Components */,
			);
			path = Views;
			sourceTree = "<group>";
		};
		C3D49BB6DB5404C3F671C746 /* Models */ = {
			isa = PBXGroup;
			children = (
				78F882D951390A4EFC389A4E /* CourseColor.swift */,
				AD7AF60396DD615DF636415D /* Models.swift */,
			);
			path = Models;
			sourceTree = "<group>";
		};
		D1409149F0868E489DC647FD /* App */ = {
			isa = PBXGroup;
			children = (
				06FD9ABF642466922E724BCA /* MyScheduleApp.swift */,
			);
			path = App;
			sourceTree = "<group>";
		};
		F6D8FBDB6A0AEFB314654C0A /* Products */ = {
			isa = PBXGroup;
			children = (
				28D667B2883BECEFCB030AE5 /* MySchedule.app */,
			);
			name = Products;
			sourceTree = "<group>";
		};
		FAF24D05974F3CCF019644F2 = {
			isa = PBXGroup;
			children = (
				44B353D575F4937DDC62462B /* Sources */,
				F6D8FBDB6A0AEFB314654C0A /* Products */,
			);
			sourceTree = "<group>";
		};
/* End PBXGroup section */

/* Begin PBXNativeTarget section */
		2A52C4258A6BDFFE3C5966B4 /* MySchedule */ = {
			isa = PBXNativeTarget;
			buildConfigurationList = E8A04A8C8DCD5FF9C1CCE931 /* Build configuration list for PBXNativeTarget "MySchedule" */;
			buildPhases = (
				D2D9442157D89FCE57F75C6D /* Sources */,
			);
			buildRules = (
			);
			dependencies = (
			);
			name = MySchedule;
			packageProductDependencies = (
			);
			productName = MySchedule;
			productReference = 28D667B2883BECEFCB030AE5 /* MySchedule.app */;
			productType = "com.apple.product-type.application";
		};
/* End PBXNativeTarget section */

/* Begin PBXProject section */
		0B584FAEFB92DA0F00FCE4A3 /* Project object */ = {
			isa = PBXProject;
			attributes = {
				BuildIndependentTargetsInParallel = YES;
				LastUpgradeCheck = 1600;
				TargetAttributes = {
					2A52C4258A6BDFFE3C5966B4 = {
						DevelopmentTeam = "";
					};
				};
			};
			buildConfigurationList = 78C7C65D38561F1C98F31BD3 /* Build configuration list for PBXProject "MySchedule" */;
			compatibilityVersion = "Xcode 14.0";
			developmentRegion = en;
			hasScannedForEncodings = 0;
			knownRegions = (
				Base,
				en,
			);
			mainGroup = FAF24D05974F3CCF019644F2;
			minimizedProjectReferenceProxies = 1;
			preferredProjectObjectVersion = 77;
			projectDirPath = "";
			projectRoot = "";
			targets = (
				2A52C4258A6BDFFE3C5966B4 /* MySchedule */,
			);
		};
/* End PBXProject section */

/* Begin PBXSourcesBuildPhase section */
		D2D9442157D89FCE57F75C6D /* Sources */ = {
			isa = PBXSourcesBuildPhase;
			buildActionMask = 2147483647;
			files = (
				2650B04CD71E4308DF5470EA /* AddCourseView.swift in Sources */,
				09D67290910FE4DD735F9FC9 /* CalendarExporter.swift in Sources */,
				CD310C6DA80CDDDDE94F1C8C /* CourseBlockView.swift in Sources */,
				5C34D77381EA158907A95BC4 /* CourseColor.swift in Sources */,
				139E3414261A6285CDAE58EC /* CourseDetailView.swift in Sources */,
				87186D0990E8F79A66851F58 /* ImportView.swift in Sources */,
				AF935D9AD2FC67066114E9CC /* MainTabView.swift in Sources */,
				C8E94D1631CF2732AAA021DE /* Models.swift in Sources */,
				C1D2D915A86D1F9C7705C1DB /* MyScheduleApp.swift in Sources */,
				AABC4167542AFBDF0BF1799E /* ProfileView.swift in Sources */,
				63D4DD8F64C08D2AAA66C4F9 /* ScheduleParser.swift in Sources */,
				DF08B19D39093E1EFE076E52 /* ScheduleView.swift in Sources */,
				4A1BFF7F32885C95D19E43A9 /* SectionTimeSettingView.swift in Sources */,
				6EFF6F43FF92B47250B1A192 /* TrustAllCerts.swift in Sources */,
			);
			runOnlyForDeploymentPostprocessing = 0;
		};
/* End PBXSourcesBuildPhase section */

/* Begin XCBuildConfiguration section */
		092F0567DE6172A2E4998B7F /* Debug */ = {
			isa = XCBuildConfiguration;
			buildSettings = {
				ASSETCATALOG_COMPILER_APPICON_NAME = AppIcon;
				CODE_SIGN_IDENTITY = "iPhone Developer";
				CURRENT_PROJECT_VERSION = 1;
				GENERATE_INFOPLIST_FILE = YES;
				INFOPLIST_FILE = Resources/Info.plist;
				INFOPLIST_KEY_UIApplicationSceneManifest_Generation = YES;
				INFOPLIST_KEY_UIApplicationSupportsIndirectInputEvents = YES;
				INFOPLIST_KEY_UILaunchScreen_Generation = YES;
				INFOPLIST_KEY_UISupportedInterfaceOrientations_iPad = "UIInterfaceOrientationPortrait UIInterfaceOrientationPortraitUpsideDown UIInterfaceOrientationLandscapeLeft UIInterfaceOrientationLandscapeRight";
				INFOPLIST_KEY_UISupportedInterfaceOrientations_iPhone = UIInterfaceOrientationPortrait;
				LD_RUNPATH_SEARCH_PATHS = (
					"$(inherited)",
					"@executable_path/Frameworks",
				);
				MARKETING_VERSION = 1.0.0;
				PRODUCT_BUNDLE_IDENTIFIER = com.jack.myschedule;
				SDKROOT = iphoneos;
				TARGETED_DEVICE_FAMILY = "1,2";
			};
			name = Debug;
		};
		1C4C403CA07173D1D3FC4BC3 /* Release */ = {
			isa = XCBuildConfiguration;
			buildSettings = {
				ASSETCATALOG_COMPILER_APPICON_NAME = AppIcon;
				CODE_SIGN_IDENTITY = "iPhone Developer";
				CURRENT_PROJECT_VERSION = 1;
				GENERATE_INFOPLIST_FILE = YES;
				INFOPLIST_FILE = Resources/Info.plist;
				INFOPLIST_KEY_UIApplicationSceneManifest_Generation = YES;
				INFOPLIST_KEY_UIApplicationSupportsIndirectInputEvents = YES;
				INFOPLIST_KEY_UILaunchScreen_Generation = YES;
				INFOPLIST_KEY_UISupportedInterfaceOrientations_iPad = "UIInterfaceOrientationPortrait UIInterfaceOrientationPortraitUpsideDown UIInterfaceOrientationLandscapeLeft UIInterfaceOrientationLandscapeRight";
				INFOPLIST_KEY_UISupportedInterfaceOrientations_iPhone = UIInterfaceOrientationPortrait;
				LD_RUNPATH_SEARCH_PATHS = (
					"$(inherited)",
					"@executable_path/Frameworks",
				);
				MARKETING_VERSION = 1.0.0;
				PRODUCT_BUNDLE_IDENTIFIER = com.jack.myschedule;
				SDKROOT = iphoneos;
				TARGETED_DEVICE_FAMILY = "1,2";
			};
			name = Release;
		};
		A5C41A51F01F939968B5AFC4 /* Debug */ = {
			isa = XCBuildConfiguration;
			buildSettings = {
				ALWAYS_SEARCH_USER_PATHS = NO;
				CLANG_ANALYZER_NONNULL = YES;
				CLANG_ANALYZER_NUMBER_OBJECT_CONVERSION = YES_AGGRESSIVE;
				CLANG_CXX_LANGUAGE_STANDARD = "gnu++14";
				CLANG_CXX_LIBRARY = "libc++";
				CLANG_ENABLE_MODULES = YES;
				CLANG_ENABLE_OBJC_ARC = YES;
				CLANG_ENABLE_OBJC_WEAK = YES;
				CLANG_WARN_BLOCK_CAPTURE_AUTORELEASING = YES;
				CLANG_WARN_BOOL_CONVERSION = YES;
				CLANG_WARN_COMMA = YES;
				CLANG_WARN_CONSTANT_CONVERSION = YES;
				CLANG_WARN_DEPRECATED_OBJC_IMPLEMENTATIONS = YES;
				CLANG_WARN_DIRECT_OBJC_ISA_USAGE = YES_ERROR;
				CLANG_WARN_DOCUMENTATION_COMMENTS = YES;
				CLANG_WARN_EMPTY_BODY = YES;
				CLANG_WARN_ENUM_CONVERSION = YES;
				CLANG_WARN_INFINITE_RECURSION = YES;
				CLANG_WARN_INT_CONVERSION = YES;
				CLANG_WARN_NON_LITERAL_NULL_CONVERSION = YES;
				CLANG_WARN_OBJC_IMPLICIT_RETAIN_SELF = YES;
				CLANG_WARN_OBJC_LITERAL_CONVERSION = YES;
				CLANG_WARN_OBJC_ROOT_CLASS = YES_ERROR;
				CLANG_WARN_QUOTED_INCLUDE_IN_FRAMEWORK_HEADER = YES;
				CLANG_WARN_RANGE_LOOP_ANALYSIS = YES;
				CLANG_WARN_STRICT_PROTOTYPES = YES;
				CLANG_WARN_SUSPICIOUS_MOVE = YES;
				CLANG_WARN_UNGUARDED_AVAILABILITY = YES_AGGRESSIVE;
				CLANG_WARN_UNREACHABLE_CODE = YES;
				CLANG_WARN__DUPLICATE_METHOD_MATCH = YES;
				COPY_PHASE_STRIP = NO;
				DEBUG_INFORMATION_FORMAT = dwarf;
				DEVELOPMENT_TEAM = "";
				ENABLE_STRICT_OBJC_MSGSEND = YES;
				ENABLE_TESTABILITY = YES;
				GCC_C_LANGUAGE_STANDARD = gnu11;
				GCC_DYNAMIC_NO_PIC = NO;
				GCC_NO_COMMON_BLOCKS = YES;
				GCC_OPTIMIZATION_LEVEL = 0;
				GCC_PREPROCESSOR_DEFINITIONS = (
					"$(inherited)",
					"DEBUG=1",
				);
				GCC_WARN_64_TO_32_BIT_CONVERSION = YES;
				GCC_WARN_ABOUT_RETURN_TYPE = YES_ERROR;
				GCC_WARN_UNDECLARED_SELECTOR = YES;
				GCC_WARN_UNINITIALIZED_AUTOS = YES_AGGRESSIVE;
				GCC_WARN_UNUSED_FUNCTION = YES;
				GCC_WARN_UNUSED_VARIABLE = YES;
				IPHONEOS_DEPLOYMENT_TARGET = 17.0;
				MTL_ENABLE_DEBUG_INFO = INCLUDE_SOURCE;
				MTL_FAST_MATH = YES;
				ONLY_ACTIVE_ARCH = YES;
				PRODUCT_NAME = "$(TARGET_NAME)";
				SDKROOT = iphoneos;
				SWIFT_ACTIVE_COMPILATION_CONDITIONS = DEBUG;
				SWIFT_OPTIMIZATION_LEVEL = "-Onone";
				SWIFT_VERSION = 5.9;
			};
			name = Debug;
		};
		C2556DADC745B8E3A1640902 /* Release */ = {
			isa = XCBuildConfiguration;
			buildSettings = {
				ALWAYS_SEARCH_USER_PATHS = NO;
				CLANG_ANALYZER_NONNULL = YES;
				CLANG_ANALYZER_NUMBER_OBJECT_CONVERSION = YES_AGGRESSIVE;
				CLANG_CXX_LANGUAGE_STANDARD = "gnu++14";
				CLANG_CXX_LIBRARY = "libc++";
				CLANG_ENABLE_MODULES = YES;
				CLANG_ENABLE_OBJC_ARC = YES;
				CLANG_ENABLE_OBJC_WEAK = YES;
				CLANG_WARN_BLOCK_CAPTURE_AUTORELEASING = YES;
				CLANG_WARN_BOOL_CONVERSION = YES;
				CLANG_WARN_COMMA = YES;
				CLANG_WARN_CONSTANT_CONVERSION = YES;
				CLANG_WARN_DEPRECATED_OBJC_IMPLEMENTATIONS = YES;
				CLANG_WARN_DIRECT_OBJC_ISA_USAGE = YES_ERROR;
				CLANG_WARN_DOCUMENTATION_COMMENTS = YES;
				CLANG_WARN_EMPTY_BODY = YES;
				CLANG_WARN_ENUM_CONVERSION = YES;
				CLANG_WARN_INFINITE_RECURSION = YES;
				CLANG_WARN_INT_CONVERSION = YES;
				CLANG_WARN_NON_LITERAL_NULL_CONVERSION = YES;
				CLANG_WARN_OBJC_IMPLICIT_RETAIN_SELF = YES;
				CLANG_WARN_OBJC_LITERAL_CONVERSION = YES;
				CLANG_WARN_OBJC_ROOT_CLASS = YES_ERROR;
				CLANG_WARN_QUOTED_INCLUDE_IN_FRAMEWORK_HEADER = YES;
				CLANG_WARN_RANGE_LOOP_ANALYSIS = YES;
				CLANG_WARN_STRICT_PROTOTYPES = YES;
				CLANG_WARN_SUSPICIOUS_MOVE = YES;
				CLANG_WARN_UNGUARDED_AVAILABILITY = YES_AGGRESSIVE;
				CLANG_WARN_UNREACHABLE_CODE = YES;
				CLANG_WARN__DUPLICATE_METHOD_MATCH = YES;
				COPY_PHASE_STRIP = NO;
				DEBUG_INFORMATION_FORMAT = "dwarf-with-dsym";
				DEVELOPMENT_TEAM = "";
				ENABLE_NS_ASSERTIONS = NO;
				ENABLE_STRICT_OBJC_MSGSEND = YES;
				GCC_C_LANGUAGE_STANDARD = gnu11;
				GCC_NO_COMMON_BLOCKS = YES;
				GCC_WARN_64_TO_32_BIT_CONVERSION = YES;
				GCC_WARN_ABOUT_RETURN_TYPE = YES_ERROR;
				GCC_WARN_UNDECLARED_SELECTOR = YES;
				GCC_WARN_UNINITIALIZED_AUTOS = YES_AGGRESSIVE;
				GCC_WARN_UNUSED_FUNCTION = YES;
				GCC_WARN_UNUSED_VARIABLE = YES;
				IPHONEOS_DEPLOYMENT_TARGET = 17.0;
				MTL_ENABLE_DEBUG_INFO = NO;
				MTL_FAST_MATH = YES;
				PRODUCT_NAME = "$(TARGET_NAME)";
				SDKROOT = iphoneos;
				SWIFT_COMPILATION_MODE = wholemodule;
				SWIFT_OPTIMIZATION_LEVEL = "-O";
				SWIFT_VERSION = 5.9;
			};
			name = Release;
		};
/* End XCBuildConfiguration section */

/* Begin XCConfigurationList section */
		78C7C65D38561F1C98F31BD3 /* Build configuration list for PBXProject "MySchedule" */ = {
			isa = XCConfigurationList;
			buildConfigurations = (
				A5C41A51F01F939968B5AFC4 /* Debug */,
				C2556DADC745B8E3A1640902 /* Release */,
			);
			defaultConfigurationIsVisible = 0;
			defaultConfigurationName = Debug;
		};
		E8A04A8C8DCD5FF9C1CCE931 /* Build configuration list for PBXNativeTarget "MySchedule" */ = {
			isa = XCConfigurationList;
			buildConfigurations = (
				092F0567DE6172A2E4998B7F /* Debug */,
				1C4C403CA07173D1D3FC4BC3 /* Release */,
			);
			defaultConfigurationIsVisible = 0;
			defaultConfigurationName = Debug;
		};
/* End XCConfigurationList section */
	};
	rootObject = 0B584FAEFB92DA0F00FCE4A3 /* Project object */;
}
